// !$*UTF8*$!
{
	archiveVersion = 1;
	classes = {
	};
	objectVersion = 46;
	objects = {

/* Begin PBXBuildFile section */
		61393B211B622A420037956C /* main.m in Sources */ = {isa = PBXBuildFile; fileRef = 61393B201B622A420037956C /* main.m */; };
		61393B241B622A420037956C /* AppDelegate.m in Sources */ = {isa = PBXBuildFile; fileRef = 61393B231B622A420037956C /* AppDelegate.m */; };
		61393B271B622A420037956C /* ViewController.m in Sources */ = {isa = PBXBuildFile; fileRef = 61393B261B622A420037956C /* ViewController.m */; };
		61393B2A1B622A420037956C /* Main.storyboard in Resources */ = {isa = PBXBuildFile; fileRef = 61393B281B622A420037956C /* Main.storyboard */; };
		61393B2C1B622A420037956C /* Images.xcassets in Resources */ = {isa = PBXBuildFile; fileRef = 61393B2B1B622A420037956C /* Images.xcassets */; };
		61393B2F1B622A420037956C /* LaunchScreen.xib in Resources */ = {isa = PBXBuildFile; fileRef = 61393B2D1B622A420037956C /* LaunchScreen.xib */; };
/* End PBXBuildFile section */

/* Begin PBXFileReference section */
		61393B1B1B622A420037956C /* TestEffectView.app */ = {isa = PBXFileReference; explicitFileType = wrapper.application; includeInIndex = 0; path = TestEffectView.app; sourceTree = BUILT_PRODUCTS_DIR; };
		61393B1F1B622A420037956C /* Info.plist */ = {isa = PBXFileReference; lastKnownFileType = text.plist.xml; path = Info.plist; sourceTree = "<group>"; };
		61393B201B622A420037956C /* main.m */ = {isa = PBXFileReference; lastKnownFileType = sourcecode.c.objc; path = main.m; sourceTree = "<group>"; };
		61393B221B622A420037956C /* AppDelegate.h */ = {isa = PBXFileReference; lastKnownFileType = sourcecode.c.h; path = AppDelegate.h; sourceTree = "<group>"; };
		61393B231B622A420037956C /* AppDelegate.m */ = {isa = PBXFileReference; lastKnownFileType = sourcecode.c.objc; path = AppDelegate.m; sourceTree = "<group>"; };
		61393B251B622A420037956C /* ViewController.h */ = {isa = PBXFileReference; lastKnownFileType = sourcecode.c.h; path = ViewController.h; sourceTree = "<group>"; };
		61393B261B622A420037956C /* ViewController.m */ = {isa = PBXFileReference; lastKnownFileType = sourcecode.c.objc; path = ViewController.m; sourceTree = "<group>"; };
		61393B291B622A420037956C /* Base */ = {isa = PBXFileReference; lastKnownFileType = file.storyboard; name = Base; path = Base.lproj/Main.storyboard; sourceTree = "<group>"; };
		61393B2B1B622A420037956C /* Images.xcassets */ = {isa = PBXFileReference; lastKnownFileType = folder.assetcatalog; path = Images.xcassets; sourceTree = "<group>"; };
		61393B2E1B622A420037956C /* Base */ = {isa = PBXFileReference; lastKnownFileType = file.xib; name = Base; path = Base.lproj/LaunchScreen.xib; sourceTree = "<group>"; };
/* End PBXFileReference section */

/* Begin PBXFrameworksBuildPhase section */
		61393B181B622A420037956C /* Frameworks */ = {
			isa = PBXFrameworksBuildPhase;
			buildActionMask = 2147483647;
			files = (
			);
			runOnlyForDeploymentPostprocessing = 0;
		};
/* End PBXFrameworksBuildPhase section */

/* Begin PBXGroup section */
		61393B121B622A420037956C = {
			isa = PBXGroup;
			children = (
				61393B1D1B622A420037956C /* TestEffectView */,
				61393B1C1B622A420037956C /* Products */,
			);
			sourceTree = "<group>";
		};
		61393B1C1B622A420037956C /* Products */ = {
			isa = PBXGroup;
			children = (
				61393B1B1B622A420037956C /* TestEffectView.app */,
			);
			name = Products;
			sourceTree = "<group>";
		};
		61393B1D1B622A420037956C /* TestEffectView */ = {
			isa = PBXGroup;
			children = (
				61393B221B622A420037956C /* AppDelegate.h */,
				61393B231B622A420037956C /* AppDelegate.m */,
				61393B251B622A420037956C /* ViewController.h */,
				61393B261B622A420037956C /* ViewController.m */,
				61393B281B622A420037956C /* Main.storyboard */,
				61393B2B1B622A420037956C /* Images.xcassets */,
				61393B2D1B622A420037956C /* LaunchScreen.xib */,
				61393B1E1B622A420037956C /* Supporting Files */,
			);
			path = TestEffectView;
			sourceTree = "<group>";
		};
		61393B1E1B622A420037956C /* Supporting Files */ = {
			isa = PBXGroup;
			children = (
				61393B1F1B622A420037956C /* Info.plist */,
				61393B201B622A420037956C /* main.m */,
			);
			name = "Supporting Files";
			sourceTree = "<group>";
		};
/* End PBXGroup section */

/* Begin PBXNativeTarget section */
		61393B1A1B622A420037956C /* TestEffectView */ = {
			isa = PBXNativeTarget;
			buildConfigurationList = 61393B3E1B622A420037956C /* Build configuration list for PBXNativeTarget "TestEffectView" */;
			buildPhases = (
				61393B171B622A420037956C /* Sources */,
				61393B181B622A420037956C /* Frameworks */,
				61393B191B622A420037956C /* Resources */,
			);
			buildRules = (
			);
			dependencies = (
			);
			name = TestEffectView;
			productName = TestEffectView;
			productReference = 61393B1B1B622A420037956C /* TestEffectView.app */;
			productType = "com.apple.product-type.application";
		};
/* End PBXNativeTarget section */

/* Begin PBXProject section */
		61393B131B622A420037956C /* Project object */ = {
			isa = PBXProject;
			attributes = {
				LastUpgradeCheck = 0640;
				ORGANIZATIONNAME = liuyuning;
				TargetAttributes = {
					61393B1A1B622A420037956C = {
						CreatedOnToolsVersion = 6.4;
					};
				};
			};
			buildConfigurationList = 61393B161B622A420037956C /* Build configuration list for PBXProject "TestEffectView" */;
			compatibilityVersion = "Xcode 3.2";
			developmentRegion = English;
			hasScannedForEncodings = 0;
			knownRegions = (
				en,
				Base,
			);
			mainGroup = 61393B121B622A420037956C;
			productRefGroup = 61393B1C1B622A420037956C /* Products */;
			projectDirPath = "";
			projectRoot = "";
			targets = (
				61393B1A1B622A420037956C /* TestEffectView */,
			);
		};
/* End PBXProject section */

/* Begin PBXResourcesBuildPhase section */
		61393B191B622A420037956C /* Resources */ = {
			isa = PBXResourcesBuildPhase;
			buildActionMask = 2147483647;
			files = (
				61393B2A1B622A420037956C /* Main.storyboard in Resources */,
				61393B2F1B622A420037956C /* LaunchScreen.xib in Resources */,
				61393B2C1B622A420037956C /* Images.xcassets in Resources */,
			);
			runOnlyForDeploymentPostprocessing = 0;
		};
/* End PBXResourcesBuildPhase section */

/* Begin PBXSourcesBuildPhase section */
		61393B171B622A420037956C /* Sources */ = {
			isa = PBXSourcesBuildPhase;
			buildActionMask = 2147483647;
			files = (
				61393B271B622A420037956C /* ViewController.m in Sources */,
				61393B241B622A420037956C /* AppDelegate.m in Sources */,
				61393B211B622A420037956C /* main.m in Sources */,
			);
			runOnlyForDeploymentPostprocessing = 0;
		};
/* End PBXSourcesBuildPhase section */

/* Begin PBXVariantGroup section */
		61393B281B622A420037956C /* Main.storyboard */ = {
			isa = PBXVariantGroup;
			children = (
				61393B291B622A420037956C /* Base */,
			);
			name = Main.storyboard;
			sourceTree = "<group>";
		};
		61393B2D1B622A420037956C /* LaunchScreen.xib */ = {
			isa = PBXVariantGroup;
			children = (
				61393B2E1B622A420037956C /* Base */,
			);
			name = LaunchScreen.xib;
			sourceTree = "<group>";
		};
/* End PBXVariantGroup section */

/* Begin XCBuildConfiguration section */
		61393B3C1B622A420037956C /* Debug */ = {
			isa = XCBuildConfiguration;
			buildSettings = {
				ALWAYS_SEARCH_USER_PATHS = NO;
				CLANG_CXX_LANGUAGE_STANDARD = "gnu++0x";
				CLANG_CXX_LIBRARY = "libc++";
				CLANG_ENABLE_MODULES = YES;
				CLANG_ENABLE_OBJC_ARC = YES;
				CLANG_WARN_BOOL_CONVERSION = YES;
				CLANG_WARN_CONSTANT_CONVERSION = YES;
				CLANG_WARN_DIRECT_OBJC_ISA_USAGE = YES_ERROR;
				CLANG_WARN_EMPTY_BODY = YES;
				CLANG_WARN_ENUM_CONVERSION = YES;
				CLANG_WARN_INT_CONVERSION = YES;
				CLANG_WARN_OBJC_ROOT_CLASS = YES_ERROR;
				CLANG_WARN_UNREACHABLE_CODE = YES;
				CLANG_WARN__DUPLICATE_METHOD_MATCH = YES;
				"CODE_SIGN_IDENTITY[sdk=iphoneos*]" = "iPhone Developer";
				COPY_PHASE_STRIP = NO;
				DEBUG_INFORMATION_FORMAT = "dwarf-with-dsym";
				ENABLE_STRICT_OBJC_MSGSEND = YES;
				GCC_C_LANGUAGE_STANDARD = gnu99;
				GCC_DYNAMIC_NO_PIC = NO;
				GCC_NO_COMMON_BLOCKS = YES;
				GCC_OPTIMIZATION_LEVEL = 0;
				GCC_PREPROCESSOR_DEFINITIONS = (
					"DEBUG=1",
					"$(inherited)",
				);
				GCC_SYMBOLS_PRIVATE_EXTERN = NO;
				GCC_WARN_64_TO_32_BIT_CONVERSION = YES;
				GCC_WARN_ABOUT_RETURN_TYPE = YES_ERROR;
				GCC_WARN_UNDECLARED_SELECTOR = YES;
				GCC_WARN_UNINITIALIZED_AUTOS = YES_AGGRESSIVE;
				GCC_WARN_UNUSED_FUNCTION = YES;
				GCC_WARN_UNUSED_VARIABLE = YES;
				IPHONEOS_DEPLOYMENT_TARGET = 8.4;
				MTL_ENABLE_DEBUG_INFO = YES;
				ONLY_ACTIVE_ARCH = YES;
				SDKROOT = iphoneos;
				TARGETED_DEVICE_FAMILY = "1,2";
			};
			name = Debug;
		};
		61393B3D1B622A420037956C /* Release */ = {
			isa = XCBuildConfiguration;
			buildSettings = {
				ALWAYS_SEARCH_USER_PATHS = NO;
				CLANG_CXX_LANGUAGE_STANDARD = "gnu++0x";
				CLANG_CXX_LIBRARY = "libc++";
				CLANG_ENABLE_MODULES = YES;
				CLANG_ENABLE_OBJC_ARC = YES;
				CLANG_WARN_BOOL_CONVERSION = YES;
				CLANG_WARN_CONSTANT_CONVERSION = YES;
				CLANG_WARN_DIRECT_OBJC_ISA_USAGE = YES_ERROR;
				CLANG_WARN_EMPTY_BODY = YES;
				CLANG_WARN_ENUM_CONVERSION = YES;
				CLANG_WARN_INT_CONVERSION = YES;
				CLANG_WARN_OBJC_ROOT_CLASS = YES_ERROR;
				CLANG_WARN_UNREACHABLE_CODE = YES;
				CLANG_WARN__DUPLICATE_METHOD_MATCH = YES;
				"CODE_SIGN_IDENTITY[sdk=iphoneos*]" = "iPhone Developer";
				COPY_PHASE_STRIP = NO;
				DEBUG_INFORMATION_FORMAT = "dwarf-with-dsym";
				ENABLE_NS_ASSERTIONS = NO;
				ENABLE_STRICT_OBJC_MSGSEND = YES;
				GCC_C_LANGUAGE_STANDARD = gnu99;
				GCC_NO_COMMON_BLOCKS = YES;
				GCC_WARN_64_TO_32_BIT_CONVERSION = YES;
				GCC_WARN_ABOUT_RETURN_TYPE = YES_ERROR;
				GCC_WARN_UNDECLARED_SELECTOR = YES;
				GCC_WARN_UNINITIALIZED_AUTOS = YES_AGGRESSIVE;
				GCC_WARN_UNUSED_FUNCTION = YES;
				GCC_WARN_UNUSED_VARIABLE = YES;
				IPHONEOS_DEPLOYMENT_TARGET = 8.4;
				MTL_ENABLE_DEBUG_INFO = NO;
				SDKROOT = iphoneos;
				TARGETED_DEVICE_FAMILY = "1,2";
				VALIDATE_PRODUCT = YES;
			};
			name = Release;
		};
		61393B3F1B622A420037956C /* Debug */ = {
			isa = XCBuildConfiguration;
			buildSettings = {
				ASSETCATALOG_COMPILER_APPICON_NAME = AppIcon;
				INFOPLIST_FILE = TestEffectView/Info.plist;
				LD_RUNPATH_SEARCH_PATHS = "$(inherited) @executable_path/Frameworks";
				PRODUCT_NAME = "$(TARGET_NAME)";
			};
			name = Debug;
		};
		61393B401B622A420037956C /* Release */ = {
			isa = XCBuildConfiguration;
			buildSettings = {
				ASSETCATALOG_COMPILER_APPICON_NAME = AppIcon;
				INFOPLIST_FILE = TestEffectView/Info.plist;
				LD_RUNPATH_SEARCH_PATHS = "$(inherited) @executable_path/Frameworks";
				PRODUCT_NAME = "$(TARGET_NAME)";
			};
			name = Release;
		};
/* End XCBuildConfiguration section */

/* Begin XCConfigurationList section */
		61393B161B622A420037956C /* Build configuration list for PBXProject "TestEffectView" */ = {
			isa = XCConfigurationList;
			buildConfigurations = (
				61393B3C1B622A420037956C /* Debug */,
				61393B3D1B622A420037956C /* Release */,
			);
			defaultConfigurationIsVisible = 0;
			defaultConfigurationName = Release;
		};
		61393B3E1B622A420037956C /* Build configuration list for PBXNativeTarget "TestEffectView" */ = {
			isa = XCConfigurationList;
			buildConfigurations = (
				61393B3F1B622A420037956C /* Debug */,
				61393B401B622A420037956C /* Release */,
			);
			defaultConfigurationIsVisible = 0;
			defaultConfigurationName = Release;
		};
/* End XCConfigurationList section */
	};
	rootObject = 61393B131B622A420037956C /* Project object */;
}
